// !$*UTF8*$!
{
	archiveVersion = 1;
	classes = {
	};
	objectVersion = 56;
	objects = {

/* Begin PBXBuildFile section */
		9E0764AC2AE93B5100492383 /* AppDelegate.swift in Sources */ = {isa = PBXBuildFile; fileRef = 9E0764AB2AE93B5100492383 /* AppDelegate.swift */; };
		9E0764AE2AE93B5100492383 /* SceneDelegate.swift in Sources */ = {isa = PBXBuildFile; fileRef = 9E0764AD2AE93B5100492383 /* SceneDelegate.swift */; };
		9E0764B02AE93B5100492383 /* ViewController.swift in Sources */ = {isa = PBXBuildFile; fileRef = 9E0764AF2AE93B5100492383 /* ViewController.swift */; };
		9E0764B32AE93B5100492383 /* Main.storyboard in Resources */ = {isa = PBXBuildFile; fileRef = 9E0764B12AE93B5100492383 /* Main.storyboard */; };
		9E0764B52AE93B5200492383 /* Assets.xcassets in Resources */ = {isa = PBXBuildFile; fileRef = 9E0764B42AE93B5200492383 /* Assets.xcassets */; };
		9E0764B82AE93B5200492383 /* LaunchScreen.storyboard in Resources */ = {isa = PBXBuildFile; fileRef = 9E0764B62AE93B5200492383 /* LaunchScreen.storyboard */; };
		9E0764C02AE973D300492383 /* TableViewController.swift in Sources */ = {isa = PBXBuildFile; fileRef = 9E0764BF2AE973D300492383 /* TableViewController.swift */; };
		9E0764C22AE9783400492383 /* TableViewCell.swift in Sources */ = {isa = PBXBuildFile; fileRef = 9E0764C12AE9783400492383 /* TableViewCell.swift */; };
		9E6AB75B2AED44FE000ED528 /* WordVO.swift in Sources */ = {isa = PBXBuildFile; fileRef = 9E6AB75A2AED44FE000ED528 /* WordVO.swift */; };
		9EB0DA0D2AF33DCF00293819 /* DetailViewController.swift in Sources */ = {isa = PBXBuildFile; fileRef = 9EB0DA0C2AF33DCF00293819 /* DetailViewController.swift */; };
/* End PBXBuildFile section */

/* Begin PBXFileReference section */
		9E0764A82AE93B5100492383 /* koreanVocabularyProject.app */ = {isa = PBXFileReference; explicitFileType = wrapper.application; includeInIndex = 0; path = koreanVocabularyProject.app; sourceTree = BUILT_PRODUCTS_DIR; };
		9E0764AB2AE93B5100492383 /* AppDelegate.swift */ = {isa = PBXFileReference; lastKnownFileType = sourcecode.swift; path = AppDelegate.swift; sourceTree = "<group>"; };
		9E0764AD2AE93B5100492383 /* SceneDelegate.swift */ = {isa = PBXFileReference; lastKnownFileType = sourcecode.swift; path = SceneDelegate.swift; sourceTree = "<group>"; };
		9E0764AF2AE93B5100492383 /* ViewController.swift */ = {isa = PBXFileReference; lastKnownFileType = sourcecode.swift; path = ViewController.swift; sourceTree = "<group>"; };
		9E0764B22AE93B5100492383 /* Base */ = {isa = PBXFileReference; lastKnownFileType = file.storyboard; name = Base; path = Base.lproj/Main.storyboard; sourceTree = "<group>"; };
		9E0764B42AE93B5200492383 /* Assets.xcassets */ = {isa = PBXFileReference; lastKnownFileType = folder.assetcatalog; path = Assets.xcassets; sourceTree = "<group>"; };
		9E0764B72AE93B5200492383 /* Base */ = {isa = PBXFileReference; lastKnownFileType = file.storyboard; name = Base; path = Base.lproj/LaunchScreen.storyboard; sourceTree = "<group>"; };
		9E0764B92AE93B5200492383 /* Info.plist */ = {isa = PBXFileReference; lastKnownFileType = text.plist.xml; path = Info.plist; sourceTree = "<group>"; };
		9E0764BF2AE973D300492383 /* TableViewController.swift */ = {isa = PBXFileReference; lastKnownFileType = sourcecode.swift; path = TableViewController.swift; sourceTree = "<group>"; };
		9E0764C12AE9783400492383 /* TableViewCell.swift */ = {isa = PBXFileReference; lastKnownFileType = sourcecode.swift; path = TableViewCell.swift; sourceTree = "<group>"; };
		9E6AB75A2AED44FE000ED528 /* WordVO.swift */ = {isa = PBXFileReference; lastKnownFileType = sourcecode.swift; path = WordVO.swift; sourceTree = "<group>"; };
		9EB0DA0C2AF33DCF00293819 /* DetailViewController.swift */ = {isa = PBXFileReference; lastKnownFileType = sourcecode.swift; path = DetailViewController.swift; sourceTree = "<group>"; };
/* End PBXFileReference section */

/* Begin PBXFrameworksBuildPhase section */
		9E0764A52AE93B5100492383 /* Frameworks */ = {
			isa = PBXFrameworksBuildPhase;
			buildActionMask = 2147483647;
			files = (
			);
			runOnlyForDeploymentPostprocessing = 0;
		};
/* End PBXFrameworksBuildPhase section */

/* Begin PBXGroup section */
		9E07649F2AE93B5100492383 = {
			isa = PBXGroup;
			children = (
				9E0764AA2AE93B5100492383 /* koreanVocabularyProject */,
				9E0764A92AE93B5100492383 /* Products */,
			);
			sourceTree = "<group>";
		};
		9E0764A92AE93B5100492383 /* Products */ = {
			isa = PBXGroup;
			children = (
				9E0764A82AE93B5100492383 /* koreanVocabularyProject.app */,
			);
			name = Products;
			sourceTree = "<group>";
		};
		9E0764AA2AE93B5100492383 /* koreanVocabularyProject */ = {
			isa = PBXGroup;
			children = (
				9E0764AB2AE93B5100492383 /* AppDelegate.swift */,
				9E0764AD2AE93B5100492383 /* SceneDelegate.swift */,
				9E0764AF2AE93B5100492383 /* ViewController.swift */,
				9E0764B12AE93B5100492383 /* Main.storyboard */,
				9EB0DA0C2AF33DCF00293819 /* DetailViewController.swift */,
				9E0764BF2AE973D300492383 /* TableViewController.swift */,
				9E6AB75A2AED44FE000ED528 /* WordVO.swift */,
				9E0764C12AE9783400492383 /* TableViewCell.swift */,
				9E0764B42AE93B5200492383 /* Assets.xcassets */,
				9E0764B62AE93B5200492383 /* LaunchScreen.storyboard */,
				9E0764B92AE93B5200492383 /* Info.plist */,
			);
			path = koreanVocabularyProject;
			sourceTree = "<group>";
		};
/* End PBXGroup section */

/* Begin PBXNativeTarget section */
		9E0764A72AE93B5100492383 /* koreanVocabularyProject */ = {
			isa = PBXNativeTarget;
			buildConfigurationList = 9E0764BC2AE93B5200492383 /* Build configuration list for PBXNativeTarget "koreanVocabularyProject" */;
			buildPhases = (
				9E0764A42AE93B5100492383 /* Sources */,
				9E0764A52AE93B5100492383 /* Frameworks */,
				9E0764A62AE93B5100492383 /* Resources */,
			);
			buildRules = (
			);
			dependencies = (
			);
			name = koreanVocabularyProject;
			productName = koreanVocabularyProject;
			productReference = 9E0764A82AE93B5100492383 /* koreanVocabularyProject.app */;
			productType = "com.apple.product-type.application";
		};
/* End PBXNativeTarget section */

/* Begin PBXProject section */
		9E0764A02AE93B5100492383 /* Project object */ = {
			isa = PBXProject;
			attributes = {
				BuildIndependentTargetsInParallel = 1;
				LastSwiftUpdateCheck = 1500;
				LastUpgradeCheck = 1500;
				TargetAttributes = {
					9E0764A72AE93B5100492383 = {
						CreatedOnToolsVersion = 15.0.1;
					};
				};
			};
			buildConfigurationList = 9E0764A32AE93B5100492383 /* Build configuration list for PBXProject "koreanVocabularyProject" */;
			compatibilityVersion = "Xcode 14.0";
			developmentRegion = en;
			hasScannedForEncodings = 0;
			knownRegions = (
				en,
				Base,
			);
			mainGroup = 9E07649F2AE93B5100492383;
			productRefGroup = 9E0764A92AE93B5100492383 /* Products */;
			projectDirPath = "";
			projectRoot = "";
			targets = (
				9E0764A72AE93B5100492383 /* koreanVocabularyProject */,
			);
		};
/* End PBXProject section */

/* Begin PBXResourcesBuildPhase section */
		9E0764A62AE93B5100492383 /* Resources */ = {
			isa = PBXResourcesBuildPhase;
			buildActionMask = 2147483647;
			files = (
				9E0764B82AE93B5200492383 /* LaunchScreen.storyboard in Resources */,
				9E0764B52AE93B5200492383 /* Assets.xcassets in Resources */,
				9E0764B32AE93B5100492383 /* Main.storyboard in Resources */,
			);
			runOnlyForDeploymentPostprocessing = 0;
		};
/* End PBXResourcesBuildPhase section */

/* Begin PBXSourcesBuildPhase section */
		9E0764A42AE93B5100492383 /* Sources */ = {
			isa = PBXSourcesBuildPhase;
			buildActionMask = 2147483647;
			files = (
				9E6AB75B2AED44FE000ED528 /* WordVO.swift in Sources */,
				9E0764C22AE9783400492383 /* TableViewCell.swift in Sources */,
				9E0764B02AE93B5100492383 /* ViewController.swift in Sources */,
				9E0764AC2AE93B5100492383 /* AppDelegate.swift in Sources */,
				9E0764AE2AE93B5100492383 /* SceneDelegate.swift in Sources */,
				9E0764C02AE973D300492383 /* TableViewController.swift in Sources */,
				9EB0DA0D2AF33DCF00293819 /* DetailViewController.swift in Sources */,
			);
			runOnlyForDeploymentPostprocessing = 0;
		};
/* End PBXSourcesBuildPhase section */

/* Begin PBXVariantGroup section */
		9E0764B12AE93B5100492383 /* Main.storyboard */ = {
			isa = PBXVariantGroup;
			children = (
				9E0764B22AE93B5100492383 /* Base */,
			);
			name = Main.storyboard;
			sourceTree = "<group>";
		};
		9E0764B62AE93B5200492383 /* LaunchScreen.storyboard */ = {
			isa = PBXVariantGroup;
			children = (
				9E0764B72AE93B5200492383 /* Base */,
			);
			name = LaunchScreen.storyboard;
			sourceTree = "<group>";
		};
/* End PBXVariantGroup section */

/* Begin XCBuildConfiguration section */
		9E0764BA2AE93B5200492383 /* Debug */ = {
			isa = XCBuildConfiguration;
			buildSettings = {
				ALWAYS_SEARCH_USER_PATHS = NO;
				ASSETCATALOG_COMPILER_GENERATE_SWIFT_ASSET_SYMBOL_EXTENSIONS = YES;
				CLANG_ANALYZER_NONNULL = YES;
				CLANG_ANALYZER_NUMBER_OBJECT_CONVERSION = YES_AGGRESSIVE;
				CLANG_CXX_LANGUAGE_STANDARD = "gnu++20";
				CLANG_ENABLE_MODULES = YES;
				CLANG_ENABLE_OBJC_ARC = YES;
				CLANG_ENABLE_OBJC_WEAK = YES;
				CLANG_WARN_BLOCK_CAPTURE_AUTORELEASING = YES;
				CLANG_WARN_BOOL_CONVERSION = YES;
				CLANG_WARN_COMMA = YES;
				CLANG_WARN_CONSTANT_CONVERSION = YES;
				CLANG_WARN_DEPRECATED_OBJC_IMPLEMENTATIONS = YES;
				CLANG_WARN_DIRECT_OBJC_ISA_USAGE = YES_ERROR;
				CLANG_WARN_DOCUMENTATION_COMMENTS = YES;
				CLANG_WARN_EMPTY_BODY = YES;
				CLANG_WARN_ENUM_CONVERSION = YES;
				CLANG_WARN_INFINITE_RECURSION = YES;
				CLANG_WARN_INT_CONVERSION = YES;
				CLANG_WARN_NON_LITERAL_NULL_CONVERSION = YES;
				CLANG_WARN_OBJC_IMPLICIT_RETAIN_SELF = YES;
				CLANG_WARN_OBJC_LITERAL_CONVERSION = YES;
				CLANG_WARN_OBJC_ROOT_CLASS = YES_ERROR;
				CLANG_WARN_QUOTED_INCLUDE_IN_FRAMEWORK_HEADER = YES;
				CLANG_WARN_RANGE_LOOP_ANALYSIS = YES;
				CLANG_WARN_STRICT_PROTOTYPES = YES;
				CLANG_WARN_SUSPICIOUS_MOVE = YES;
				CLANG_WARN_UNGUARDED_AVAILABILITY = YES_AGGRESSIVE;
				CLANG_WARN_UNREACHABLE_CODE = YES;
				CLANG_WARN__DUPLICATE_METHOD_MATCH = YES;
				COPY_PHASE_STRIP = NO;
				DEBUG_INFORMATION_FORMAT = dwarf;
				ENABLE_STRICT_OBJC_MSGSEND = YES;
				ENABLE_TESTABILITY = YES;
				ENABLE_USER_SCRIPT_SANDBOXING = YES;
				GCC_C_LANGUAGE_STANDARD = gnu17;
				GCC_DYNAMIC_NO_PIC = NO;
				GCC_NO_COMMON_BLOCKS = YES;
				GCC_OPTIMIZATION_LEVEL = 0;
				GCC_PREPROCESSOR_DEFINITIONS = (
					"DEBUG=1",
					"$(inherited)",
				);
				GCC_WARN_64_TO_32_BIT_CONVERSION = YES;
				GCC_WARN_ABOUT_RETURN_TYPE = YES_ERROR;
				GCC_WARN_UNDECLARED_SELECTOR = YES;
				GCC_WARN_UNINITIALIZED_AUTOS = YES_AGGRESSIVE;
				GCC_WARN_UNUSED_FUNCTION = YES;
				GCC_WARN_UNUSED_VARIABLE = YES;
				IPHONEOS_DEPLOYMENT_TARGET = 17.0;
				LOCALIZATION_PREFERS_STRING_CATALOGS = YES;
				MTL_ENABLE_DEBUG_INFO = INCLUDE_SOURCE;
				MTL_FAST_MATH = YES;
				ONLY_ACTIVE_ARCH = YES;
				SDKROOT = iphoneos;
				SWIFT_ACTIVE_COMPILATION_CONDITIONS = "DEBUG $(inherited)";
				SWIFT_OPTIMIZATION_LEVEL = "-Onone";
			};
			name = Debug;
		};
		9E0764BB2AE93B5200492383 /* Release */ = {
			isa = XCBuildConfiguration;
			buildSettings = {
				ALWAYS_SEARCH_USER_PATHS = NO;
				ASSETCATALOG_COMPILER_GENERATE_SWIFT_ASSET_SYMBOL_EXTENSIONS = YES;
				CLANG_ANALYZER_NONNULL = YES;
				CLANG_ANALYZER_NUMBER_OBJECT_CONVERSION = YES_AGGRESSIVE;
				CLANG_CXX_LANGUAGE_STANDARD = "gnu++20";
				CLANG_ENABLE_MODULES = YES;
				CLANG_ENABLE_OBJC_ARC = YES;
				CLANG_ENABLE_OBJC_WEAK = YES;
				CLANG_WARN_BLOCK_CAPTURE_AUTORELEASING = YES;
				CLANG_WARN_BOOL_CONVERSION = YES;
				CLANG_WARN_COMMA = YES;
				CLANG_WARN_CONSTANT_CONVERSION = YES;
				CLANG_WARN_DEPRECATED_OBJC_IMPLEMENTATIONS = YES;
				CLANG_WARN_DIRECT_OBJC_ISA_USAGE = YES_ERROR;
				CLANG_WARN_DOCUMENTATION_COMMENTS = YES;
				CLANG_WARN_EMPTY_BODY = YES;
				CLANG_WARN_ENUM_CONVERSION = YES;
				CLANG_WARN_INFINITE_RECURSION = YES;
				CLANG_WARN_INT_CONVERSION = YES;
				CLANG_WARN_NON_LITERAL_NULL_CONVERSION = YES;
				CLANG_WARN_OBJC_IMPLICIT_RETAIN_SELF = YES;
				CLANG_WARN_OBJC_LITERAL_CONVERSION = YES;
				CLANG_WARN_OBJC_ROOT_CLASS = YES_ERROR;
				CLANG_WARN_QUOTED_INCLUDE_IN_FRAMEWORK_HEADER = YES;
				CLANG_WARN_RANGE_LOOP_ANALYSIS = YES;
				CLANG_WARN_STRICT_PROTOTYPES = YES;
				CLANG_WARN_SUSPICIOUS_MOVE = YES;
				CLANG_WARN_UNGUARDED_AVAILABILITY = YES_AGGRESSIVE;
				CLANG_WARN_UNREACHABLE_CODE = YES;
				CLANG_WARN__DUPLICATE_METHOD_MATCH = YES;
				COPY_PHASE_STRIP = NO;
				DEBUG_INFORMATION_FORMAT = "dwarf-with-dsym";
				ENABLE_NS_ASSERTIONS = NO;
				ENABLE_STRICT_OBJC_MSGSEND = YES;
				ENABLE_USER_SCRIPT_SANDBOXING = YES;
				GCC_C_LANGUAGE_STANDARD = gnu17;
				GCC_NO_COMMON_BLOCKS = YES;
				GCC_WARN_64_TO_32_BIT_CONVERSION = YES;
				GCC_WARN_ABOUT_RETURN_TYPE = YES_ERROR;
				GCC_WARN_UNDECLARED_SELECTOR = YES;
				GCC_WARN_UNINITIALIZED_AUTOS = YES_AGGRESSIVE;
				GCC_WARN_UNUSED_FUNCTION = YES;
				GCC_WARN_UNUSED_VARIABLE = YES;
				IPHONEOS_DEPLOYMENT_TARGET = 17.0;
				LOCALIZATION_PREFERS_STRING_CATALOGS = YES;
				MTL_ENABLE_DEBUG_INFO = NO;
				MTL_FAST_MATH = YES;
				SDKROOT = iphoneos;
				SWIFT_COMPILATION_MODE = wholemodule;
				VALIDATE_PRODUCT = YES;
			};
			name = Release;
		};
		9E0764BD2AE93B5200492383 /* Debug */ = {
			isa = XCBuildConfiguration;
			buildSettings = {
				ASSETCATALOG_COMPILER_APPICON_NAME = AppIcon;
				ASSETCATALOG_COMPILER_GLOBAL_ACCENT_COLOR_NAME = AccentColor;
				CODE_SIGN_STYLE = Automatic;
				CURRENT_PROJECT_VERSION = 1;
				DEVELOPMENT_TEAM = DUJ2KB7PM5;
				GENERATE_INFOPLIST_FILE = YES;
				INFOPLIST_FILE = koreanVocabularyProject/Info.plist;
				INFOPLIST_KEY_LSApplicationCategoryType = "public.app-category.education";
				INFOPLIST_KEY_UIApplicationSupportsIndirectInputEvents = YES;
				INFOPLIST_KEY_UILaunchStoryboardName = LaunchScreen;
				INFOPLIST_KEY_UIMainStoryboardFile = Main;
				INFOPLIST_KEY_UISupportedInterfaceOrientations_iPad = "UIInterfaceOrientationPortrait UIInterfaceOrientationPortraitUpsideDown UIInterfaceOrientationLandscapeLeft UIInterfaceOrientationLandscapeRight";
				INFOPLIST_KEY_UISupportedInterfaceOrientations_iPhone = "UIInterfaceOrientationPortrait UIInterfaceOrientationLandscapeLeft UIInterfaceOrientationLandscapeRight";
				LD_RUNPATH_SEARCH_PATHS = (
					"$(inherited)",
					"@executable_path/Frameworks",
				);
				MARKETING_VERSION = 1.0;
				PRODUCT_BUNDLE_IDENTIFIER = com.sbigstar.koreanVocabularyProject;
				PRODUCT_NAME = "$(TARGET_NAME)";
				SWIFT_EMIT_LOC_STRINGS = YES;
				SWIFT_VERSION = 5.0;
				TARGETED_DEVICE_FAMILY = "1,2";
			};
			name = Debug;
		};
		9E0764BE2AE93B5200492383 /* Release */ = {
			isa = XCBuildConfiguration;
			buildSettings = {
				ASSETCATALOG_COMPILER_APPICON_NAME = AppIcon;
				ASSETCATALOG_COMPILER_GLOBAL_ACCENT_COLOR_NAME = AccentColor;
				CODE_SIGN_STYLE = Automatic;
				CURRENT_PROJECT_VERSION = 1;
				DEVELOPMENT_TEAM = DUJ2KB7PM5;
				GENERATE_INFOPLIST_FILE = YES;
				INFOPLIST_FILE = koreanVocabularyProject/Info.plist;
				INFOPLIST_KEY_LSApplicationCategoryType = "public.app-category.education";
				INFOPLIST_KEY_UIApplicationSupportsIndirectInputEvents = YES;
				INFOPLIST_KEY_UILaunchStoryboardName = LaunchScreen;
				INFOPLIST_KEY_UIMainStoryboardFile = Main;
				INFOPLIST_KEY_UISupportedInterfaceOrientations_iPad = "UIInterfaceOrientationPortrait UIInterfaceOrientationPortraitUpsideDown UIInterfaceOrientationLandscapeLeft UIInterfaceOrientationLandscapeRight";
				INFOPLIST_KEY_UISupportedInterfaceOrientations_iPhone = "UIInterfaceOrientationPortrait UIInterfaceOrientationLandscapeLeft UIInterfaceOrientationLandscapeRight";
				LD_RUNPATH_SEARCH_PATHS = (
					"$(inherited)",
					"@executable_path/Frameworks",
				);
				MARKETING_VERSION = 1.0;
				PRODUCT_BUNDLE_IDENTIFIER = com.sbigstar.koreanVocabularyProject;
				PRODUCT_NAME = "$(TARGET_NAME)";
				SWIFT_EMIT_LOC_STRINGS = YES;
				SWIFT_VERSION = 5.0;
				TARGETED_DEVICE_FAMILY = "1,2";
			};
			name = Release;
		};
/* End XCBuildConfiguration section */

/* Begin XCConfigurationList section */
		9E0764A32AE93B5100492383 /* Build configuration list for PBXProject "koreanVocabularyProject" */ = {
			isa = XCConfigurationList;
			buildConfigurations = (
				9E0764BA2AE93B5200492383 /* Debug */,
				9E0764BB2AE93B5200492383 /* Release */,
			);
			defaultConfigurationIsVisible = 0;
			defaultConfigurationName = Release;
		};
		9E0764BC2AE93B5200492383 /* Build configuration list for PBXNativeTarget "koreanVocabularyProject" */ = {
			isa = XCConfigurationList;
			buildConfigurations = (
				9E0764BD2AE93B5200492383 /* Debug */,
				9E0764BE2AE93B5200492383 /* Release */,
			);
			defaultConfigurationIsVisible = 0;
			defaultConfigurationName = Release;
		};
/* End XCConfigurationList section */
	};
	rootObject = 9E0764A02AE93B5100492383 /* Project object */;
}
